
Microsoft Visual Studio Solution File, Format Version 12.00
# Visual Studio Version 17
VisualStudioVersion = 17.8.34525.116
MinimumVisualStudioVersion = 10.0.40219.1
Project("{FAE04EC0-301F-11D3-BF4B-00C04F79EFBC}") = "Projet2_API", "Projet2_API.csproj", "{FA4F28AF-2519-4389-8227-6155B9BF0F2D}"
EndProject
Project("{FAE04EC0-301F-11D3-BF4B-00C04F79EFBC}") = "Client_2_API", "..\Client_2_API\Client_2_API.csproj", "{CCE03741-CB0F-4473-B2E0-DFD415E425CB}"
EndProject
Global
	GlobalSection(SolutionConfigurationPlatforms) = preSolution
		Debug|Any CPU = Debug|Any CPU
		Release|Any CPU = Release|Any CPU
	EndGlobalSection
	GlobalSection(ProjectConfigurationPlatforms) = postSolution
		{FA4F28AF-2519-4389-8227-6155B9BF0F2D}.Debug|Any CPU.ActiveCfg = Debug|Any CPU
		{FA4F28AF-2519-4389-8227-6155B9BF0F2D}.Debug|Any CPU.Build.0 = Debug|Any CPU
		{FA4F28AF-2519-4389-8227-6155B9BF0F2D}.Release|Any CPU.ActiveCfg = Release|Any CPU
		{FA4F28AF-2519-4389-8227-6155B9BF0F2D}.Release|Any CPU.Build.0 = Release|Any CPU
		{CCE03741-CB0F-4473-B2E0-DFD415E425CB}.Debug|Any CPU.ActiveCfg = Debug|Any CPU
		{CCE03741-CB0F-4473-B2E0-DFD415E425CB}.Debug|Any CPU.Build.0 = Debug|Any CPU
		{CCE03741-CB0F-4473-B2E0-DFD415E425CB}.Release|Any CPU.ActiveCfg = Release|Any CPU
		{CCE03741-CB0F-4473-B2E0-DFD415E425CB}.Release|Any CPU.Build.0 = Release|Any CPU
	EndGlobalSection
	GlobalSection(SolutionProperties) = preSolution
		HideSolutionNode = FALSE
	EndGlobalSection
	GlobalSection(ExtensibilityGlobals) = postSolution
		SolutionGuid = {094A1F62-1863-497A-B940-B59CA0A91E1D}
	EndGlobalSection
EndGlobal
