
Microsoft Visual Studio Solution File, Format Version 12.00
# Visual Studio Version 17
VisualStudioVersion = 17.8.34525.116
MinimumVisualStudioVersion = 10.0.40219.1
Project("{9A19103F-16F7-4668-BE54-9A1E7A4F7556}") = "Projet_API", "Projet_API.csproj", "{7DA270E9-43B9-416C-8032-35D672F44416}"
EndProject
Project("{FAE04EC0-301F-11D3-BF4B-00C04F79EFBC}") = "Client_API", "..\Client_API\Client_API.csproj", "{81406E56-9881-4CFC-80CB-77A791993AD2}"
EndProject
Global
	GlobalSection(SolutionConfigurationPlatforms) = preSolution
		Debug|Any CPU = Debug|Any CPU
		Release|Any CPU = Release|Any CPU
	EndGlobalSection
	GlobalSection(ProjectConfigurationPlatforms) = postSolution
		{7DA270E9-43B9-416C-8032-35D672F44416}.Debug|Any CPU.ActiveCfg = Debug|Any CPU
		{7DA270E9-43B9-416C-8032-35D672F44416}.Debug|Any CPU.Build.0 = Debug|Any CPU
		{7DA270E9-43B9-416C-8032-35D672F44416}.Release|Any CPU.ActiveCfg = Release|Any CPU
		{7DA270E9-43B9-416C-8032-35D672F44416}.Release|Any CPU.Build.0 = Release|Any CPU
		{81406E56-9881-4CFC-80CB-77A791993AD2}.Debug|Any CPU.ActiveCfg = Debug|Any CPU
		{81406E56-9881-4CFC-80CB-77A791993AD2}.Debug|Any CPU.Build.0 = Debug|Any CPU
		{81406E56-9881-4CFC-80CB-77A791993AD2}.Release|Any CPU.ActiveCfg = Release|Any CPU
		{81406E56-9881-4CFC-80CB-77A791993AD2}.Release|Any CPU.Build.0 = Release|Any CPU
	EndGlobalSection
	GlobalSection(SolutionProperties) = preSolution
		HideSolutionNode = FALSE
	EndGlobalSection
	GlobalSection(ExtensibilityGlobals) = postSolution
		SolutionGuid = {E039FECD-BEB3-4966-84B6-BB14EC04F2CA}
	EndGlobalSection
EndGlobal
